<?xml version="1.0" encoding="utf-8"?>
<Project ToolsVersion="4.0" xmlns="http://schemas.microsoft.com/developer/msbuild/2003">
  <ItemGroup>
    <Filter Include="Event">
      <UniqueIdentifier>{2e4352c5-44ca-4cb9-9d6f-a10ce8ec5afb}</UniqueIdentifier>
    </Filter>
    <Filter Include="Pixel">
      <UniqueIdentifier>{4d9df87e-8e49-4090-8c84-3af45907ad2d}</UniqueIdentifier>
    </Filter>
    <Filter Include="MessageBox">
      <UniqueIdentifier>{aa7776ec-be64-41a5-95da-08353ca3b0b6}</UniqueIdentifier>
    </Filter>
    <Filter Include="Window">
      <UniqueIdentifier>{833bd858-eef7-447d-8000-c8810bf1f6e7}</UniqueIdentifier>
    </Filter>
    <Filter Include="Control">
      <UniqueIdentifier>{0cd8e2e9-b178-4bb2-a3ef-3b0378e3837f}</UniqueIdentifier>
    </Filter>
  </ItemGroup>
  <ItemGroup>
    <ClInclude Include="Event.hpp">
      <Filter>Event</Filter>
    </ClInclude>
    <ClInclude Include="Pixel.hpp">
      <Filter>Pixel</Filter>
    </ClInclude>
    <ClInclude Include="Window.hpp">
      <Filter>Window</Filter>
    </ClInclude>
    <ClInclude Include="Control.hpp">
      <Filter>Control</Filter>
    </ClInclude>
    <ClInclude Include="EventBuilder.hpp">
      <Filter>Event</Filter>
    </ClInclude>
    <ClInclude Include="Controls.hpp">
      <Filter>Control</Filter>
    </ClInclude>
    <ClInclude Include="MessageBox.hpp">
      <Filter>MessageBox</Filter>
    </ClInclude>
    <ClInclude Include="HelpFunctions.hpp" />
  </ItemGroup>
  <ItemGroup>
    <ClCompile Include="Pixel.cpp">
      <Filter>Pixel</Filter>
    </ClCompile>
    <ClCompile Include="Window.cpp">
      <Filter>Window</Filter>
    </ClCompile>
    <ClCompile Include="MessageBox.cpp">
      <Filter>MessageBox</Filter>
    </ClCompile>
    <ClCompile Include="Control.cpp" />
    <ClCompile Include="HelpFunctions.cpp" />
    <ClCompile Include="Core.cpp" />
    <ClCompile Include="Controls.cpp" />
  </ItemGroup>
</Project>